
Microsoft Visual Studio Solution File, Format Version 12.00
# Visual Studio Version 17
VisualStudioVersion = 17.4.33122.133
MinimumVisualStudioVersion = 10.0.40219.1
Project("{FAE04EC0-301F-11D3-BF4B-00C04F79EFBC}") = "04 Basics 5th Ex.", "..\04 Basics 5th Ex\04 Basics 5th Ex\04 Basics 5th Ex..csproj", "{0A4684B0-6591-4370-B1C4-8A78AE3C5EFD}"
EndProject
Global
	GlobalSection(SolutionConfigurationPlatforms) = preSolution
		Debug|Any CPU = Debug|Any CPU
		Release|Any CPU = Release|Any CPU
	EndGlobalSection
	GlobalSection(ProjectConfigurationPlatforms) = postSolution
		{0A4684B0-6591-4370-B1C4-8A78AE3C5EFD}.Debug|Any CPU.ActiveCfg = Debug|Any CPU
		{0A4684B0-6591-4370-B1C4-8A78AE3C5EFD}.Debug|Any CPU.Build.0 = Debug|Any CPU
		{0A4684B0-6591-4370-B1C4-8A78AE3C5EFD}.Release|Any CPU.ActiveCfg = Release|Any CPU
		{0A4684B0-6591-4370-B1C4-8A78AE3C5EFD}.Release|Any CPU.Build.0 = Release|Any CPU
	EndGlobalSection
	GlobalSection(SolutionProperties) = preSolution
		HideSolutionNode = FALSE
	EndGlobalSection
	GlobalSection(ExtensibilityGlobals) = postSolution
		SolutionGuid = {10A00447-EE43-406D-A6ED-F1BC4A196071}
	EndGlobalSection
EndGlobal
